
Microsoft Visual Studio Solution File, Format Version 12.00
# Visual Studio Version 17
VisualStudioVersion = 17.12.35323.107
MinimumVisualStudioVersion = 10.0.40219.1
Project("{FAE04EC0-301F-11D3-BF4B-00C04F79EFBC}") = "Sms.Domain", "Sms.Domain\Sms.Domain.csproj", "{6378525A-6501-479C-8A0E-58A0C212814F}"
EndProject
Project("{FAE04EC0-301F-11D3-BF4B-00C04F79EFBC}") = "Sms.Application", "Sms.Application\Sms.Application.csproj", "{87EAFA95-5D85-4494-A791-62BB966DB869}"
EndProject
Project("{FAE04EC0-301F-11D3-BF4B-00C04F79EFBC}") = "Sms.Infra.Data", "Sms.Infra.Data\Sms.Infra.Data.csproj", "{454DCC71-2152-477B-A8E5-30F6342B86FE}"
EndProject
Project("{FAE04EC0-301F-11D3-BF4B-00C04F79EFBC}") = "Sms.Infra.Ioc", "Sms.Infra.Ioc\Sms.Infra.Ioc.csproj", "{F8B5B7B1-202B-4AD0-AA36-5A8C993B2145}"
EndProject
Project("{FAE04EC0-301F-11D3-BF4B-00C04F79EFBC}") = "Sms.WebApi", "Sms.WebApi\Sms.WebApi.csproj", "{D35B9A5F-A0C0-4840-946F-4FFCAFB9A148}"
EndProject
Project("{FAE04EC0-301F-11D3-BF4B-00C04F79EFBC}") = "Sms.Test", "Sms.Test\Sms.Test.csproj", "{6F429228-D243-4796-AB66-600508496EFB}"
EndProject
Global
	GlobalSection(SolutionConfigurationPlatforms) = preSolution
		Debug|Any CPU = Debug|Any CPU
		Release|Any CPU = Release|Any CPU
	EndGlobalSection
	GlobalSection(ProjectConfigurationPlatforms) = postSolution
		{6378525A-6501-479C-8A0E-58A0C212814F}.Debug|Any CPU.ActiveCfg = Debug|Any CPU
		{6378525A-6501-479C-8A0E-58A0C212814F}.Debug|Any CPU.Build.0 = Debug|Any CPU
		{6378525A-6501-479C-8A0E-58A0C212814F}.Release|Any CPU.ActiveCfg = Release|Any CPU
		{6378525A-6501-479C-8A0E-58A0C212814F}.Release|Any CPU.Build.0 = Release|Any CPU
		{87EAFA95-5D85-4494-A791-62BB966DB869}.Debug|Any CPU.ActiveCfg = Debug|Any CPU
		{87EAFA95-5D85-4494-A791-62BB966DB869}.Debug|Any CPU.Build.0 = Debug|Any CPU
		{87EAFA95-5D85-4494-A791-62BB966DB869}.Release|Any CPU.ActiveCfg = Release|Any CPU
		{87EAFA95-5D85-4494-A791-62BB966DB869}.Release|Any CPU.Build.0 = Release|Any CPU
		{454DCC71-2152-477B-A8E5-30F6342B86FE}.Debug|Any CPU.ActiveCfg = Debug|Any CPU
		{454DCC71-2152-477B-A8E5-30F6342B86FE}.Debug|Any CPU.Build.0 = Debug|Any CPU
		{454DCC71-2152-477B-A8E5-30F6342B86FE}.Release|Any CPU.ActiveCfg = Release|Any CPU
		{454DCC71-2152-477B-A8E5-30F6342B86FE}.Release|Any CPU.Build.0 = Release|Any CPU
		{F8B5B7B1-202B-4AD0-AA36-5A8C993B2145}.Debug|Any CPU.ActiveCfg = Debug|Any CPU
		{F8B5B7B1-202B-4AD0-AA36-5A8C993B2145}.Debug|Any CPU.Build.0 = Debug|Any CPU
		{F8B5B7B1-202B-4AD0-AA36-5A8C993B2145}.Release|Any CPU.ActiveCfg = Release|Any CPU
		{F8B5B7B1-202B-4AD0-AA36-5A8C993B2145}.Release|Any CPU.Build.0 = Release|Any CPU
		{D35B9A5F-A0C0-4840-946F-4FFCAFB9A148}.Debug|Any CPU.ActiveCfg = Debug|Any CPU
		{D35B9A5F-A0C0-4840-946F-4FFCAFB9A148}.Debug|Any CPU.Build.0 = Debug|Any CPU
		{D35B9A5F-A0C0-4840-946F-4FFCAFB9A148}.Release|Any CPU.ActiveCfg = Release|Any CPU
		{D35B9A5F-A0C0-4840-946F-4FFCAFB9A148}.Release|Any CPU.Build.0 = Release|Any CPU
		{6F429228-D243-4796-AB66-600508496EFB}.Debug|Any CPU.ActiveCfg = Debug|Any CPU
		{6F429228-D243-4796-AB66-600508496EFB}.Debug|Any CPU.Build.0 = Debug|Any CPU
		{6F429228-D243-4796-AB66-600508496EFB}.Release|Any CPU.ActiveCfg = Release|Any CPU
		{6F429228-D243-4796-AB66-600508496EFB}.Release|Any CPU.Build.0 = Release|Any CPU
	EndGlobalSection
	GlobalSection(SolutionProperties) = preSolution
		HideSolutionNode = FALSE
	EndGlobalSection
	GlobalSection(ExtensibilityGlobals) = postSolution
		SolutionGuid = {FCA69EBD-7B04-422F-A7CC-29A0707D5CC0}
	EndGlobalSection
EndGlobal
